
Microsoft Visual Studio Solution File, Format Version 12.00
# Visual Studio 15
VisualStudioVersion = 15.0.26730.16
MinimumVisualStudioVersion = 10.0.40219.1
Project("{9A19103F-16F7-4668-BE54-9A1E7A4F7556}") = "Laboratorio", "Laboratorio\Laboratorio.csproj", "{B3D686AC-7C95-4FF9-9088-5819FAED3837}"
EndProject
Global
	GlobalSection(SolutionConfigurationPlatforms) = preSolution
		Debug|Any CPU = Debug|Any CPU
		Release|Any CPU = Release|Any CPU
	EndGlobalSection
	GlobalSection(ProjectConfigurationPlatforms) = postSolution
		{B3D686AC-7C95-4FF9-9088-5819FAED3837}.Debug|Any CPU.ActiveCfg = Debug|Any CPU
		{B3D686AC-7C95-4FF9-9088-5819FAED3837}.Debug|Any CPU.Build.0 = Debug|Any CPU
		{B3D686AC-7C95-4FF9-9088-5819FAED3837}.Release|Any CPU.ActiveCfg = Release|Any CPU
		{B3D686AC-7C95-4FF9-9088-5819FAED3837}.Release|Any CPU.Build.0 = Release|Any CPU
	EndGlobalSection
	GlobalSection(SolutionProperties) = preSolution
		HideSolutionNode = FALSE
	EndGlobalSection
	GlobalSection(ExtensibilityGlobals) = postSolution
		SolutionGuid = {436629D0-29E4-4455-B6AA-F9ED8FDE0447}
	EndGlobalSection
EndGlobal
